
Microsoft Visual Studio Solution File, Format Version 12.00
# Visual Studio Version 17
VisualStudioVersion = 17.7.34009.444
MinimumVisualStudioVersion = 10.0.40219.1
Project("{FAE04EC0-301F-11D3-BF4B-00C04F79EFBC}") = "Boletin_Ejercicio_5", "Boletin_Ejercicio_5\Boletin_Ejercicio_5.csproj", "{6B4E59C7-1DBF-431F-8CE4-3780F603B6BC}"
EndProject
Global
	GlobalSection(SolutionConfigurationPlatforms) = preSolution
		Debug|Any CPU = Debug|Any CPU
		Release|Any CPU = Release|Any CPU
	EndGlobalSection
	GlobalSection(ProjectConfigurationPlatforms) = postSolution
		{6B4E59C7-1DBF-431F-8CE4-3780F603B6BC}.Debug|Any CPU.ActiveCfg = Debug|Any CPU
		{6B4E59C7-1DBF-431F-8CE4-3780F603B6BC}.Debug|Any CPU.Build.0 = Debug|Any CPU
		{6B4E59C7-1DBF-431F-8CE4-3780F603B6BC}.Release|Any CPU.ActiveCfg = Release|Any CPU
		{6B4E59C7-1DBF-431F-8CE4-3780F603B6BC}.Release|Any CPU.Build.0 = Release|Any CPU
	EndGlobalSection
	GlobalSection(SolutionProperties) = preSolution
		HideSolutionNode = FALSE
	EndGlobalSection
	GlobalSection(ExtensibilityGlobals) = postSolution
		SolutionGuid = {81099F35-0AD1-4DCA-BC40-51C5A6DCDE59}
	EndGlobalSection
EndGlobal
