
Microsoft Visual Studio Solution File, Format Version 12.00
# Visual Studio Version 17
VisualStudioVersion = 17.7.34009.444
MinimumVisualStudioVersion = 10.0.40219.1
Project("{FAE04EC0-301F-11D3-BF4B-00C04F79EFBC}") = "Activida2", "Activida2\Activida2.csproj", "{20DD835A-1495-4FBC-89E0-0BC29064F4A8}"
EndProject
Global
	GlobalSection(SolutionConfigurationPlatforms) = preSolution
		Debug|Any CPU = Debug|Any CPU
		Release|Any CPU = Release|Any CPU
	EndGlobalSection
	GlobalSection(ProjectConfigurationPlatforms) = postSolution
		{20DD835A-1495-4FBC-89E0-0BC29064F4A8}.Debug|Any CPU.ActiveCfg = Debug|Any CPU
		{20DD835A-1495-4FBC-89E0-0BC29064F4A8}.Debug|Any CPU.Build.0 = Debug|Any CPU
		{20DD835A-1495-4FBC-89E0-0BC29064F4A8}.Release|Any CPU.ActiveCfg = Release|Any CPU
		{20DD835A-1495-4FBC-89E0-0BC29064F4A8}.Release|Any CPU.Build.0 = Release|Any CPU
	EndGlobalSection
	GlobalSection(SolutionProperties) = preSolution
		HideSolutionNode = FALSE
	EndGlobalSection
	GlobalSection(ExtensibilityGlobals) = postSolution
		SolutionGuid = {42BD4802-056C-4E9B-89B9-38A2B29381F6}
	EndGlobalSection
EndGlobal
