
Microsoft Visual Studio Solution File, Format Version 12.00
# Visual Studio Version 17
VisualStudioVersion = 17.7.34009.444
MinimumVisualStudioVersion = 10.0.40219.1
Project("{FAE04EC0-301F-11D3-BF4B-00C04F79EFBC}") = "Ejemplo", "Ejemplo\Ejemplo.csproj", "{C7ADAD34-B359-492E-9417-F4F2F58AB966}"
EndProject
Global
	GlobalSection(SolutionConfigurationPlatforms) = preSolution
		Debug|Any CPU = Debug|Any CPU
		Release|Any CPU = Release|Any CPU
	EndGlobalSection
	GlobalSection(ProjectConfigurationPlatforms) = postSolution
		{C7ADAD34-B359-492E-9417-F4F2F58AB966}.Debug|Any CPU.ActiveCfg = Debug|Any CPU
		{C7ADAD34-B359-492E-9417-F4F2F58AB966}.Debug|Any CPU.Build.0 = Debug|Any CPU
		{C7ADAD34-B359-492E-9417-F4F2F58AB966}.Release|Any CPU.ActiveCfg = Release|Any CPU
		{C7ADAD34-B359-492E-9417-F4F2F58AB966}.Release|Any CPU.Build.0 = Release|Any CPU
	EndGlobalSection
	GlobalSection(SolutionProperties) = preSolution
		HideSolutionNode = FALSE
	EndGlobalSection
	GlobalSection(ExtensibilityGlobals) = postSolution
		SolutionGuid = {571CD79B-B855-4AC1-A3DE-ED24CDEF71EC}
	EndGlobalSection
EndGlobal
