
Microsoft Visual Studio Solution File, Format Version 12.00
# Visual Studio Version 17
VisualStudioVersion = 17.7.34009.444
MinimumVisualStudioVersion = 10.0.40219.1
Project("{FAE04EC0-301F-11D3-BF4B-00C04F79EFBC}") = "Activida_Dos", "Activida_Dos\Activida_Dos.csproj", "{761A22CE-8908-4D5E-9013-F715AE883AAD}"
EndProject
Global
	GlobalSection(SolutionConfigurationPlatforms) = preSolution
		Debug|Any CPU = Debug|Any CPU
		Release|Any CPU = Release|Any CPU
	EndGlobalSection
	GlobalSection(ProjectConfigurationPlatforms) = postSolution
		{761A22CE-8908-4D5E-9013-F715AE883AAD}.Debug|Any CPU.ActiveCfg = Debug|Any CPU
		{761A22CE-8908-4D5E-9013-F715AE883AAD}.Debug|Any CPU.Build.0 = Debug|Any CPU
		{761A22CE-8908-4D5E-9013-F715AE883AAD}.Release|Any CPU.ActiveCfg = Release|Any CPU
		{761A22CE-8908-4D5E-9013-F715AE883AAD}.Release|Any CPU.Build.0 = Release|Any CPU
	EndGlobalSection
	GlobalSection(SolutionProperties) = preSolution
		HideSolutionNode = FALSE
	EndGlobalSection
	GlobalSection(ExtensibilityGlobals) = postSolution
		SolutionGuid = {3624B8D6-CF31-4CAF-8B88-33F6247FB2D8}
	EndGlobalSection
EndGlobal
