
Microsoft Visual Studio Solution File, Format Version 12.00
# Visual Studio Version 17
VisualStudioVersion = 17.7.34009.444
MinimumVisualStudioVersion = 10.0.40219.1
Project("{FAE04EC0-301F-11D3-BF4B-00C04F79EFBC}") = "LoboGarcesWindarTarea3", "LoboGarcesWindarTarea3\LoboGarcesWindarTarea3.csproj", "{50CD1498-5C87-4CB3-B1B6-DE99193729F2}"
EndProject
Global
	GlobalSection(SolutionConfigurationPlatforms) = preSolution
		Debug|Any CPU = Debug|Any CPU
		Release|Any CPU = Release|Any CPU
	EndGlobalSection
	GlobalSection(ProjectConfigurationPlatforms) = postSolution
		{50CD1498-5C87-4CB3-B1B6-DE99193729F2}.Debug|Any CPU.ActiveCfg = Debug|Any CPU
		{50CD1498-5C87-4CB3-B1B6-DE99193729F2}.Debug|Any CPU.Build.0 = Debug|Any CPU
		{50CD1498-5C87-4CB3-B1B6-DE99193729F2}.Release|Any CPU.ActiveCfg = Release|Any CPU
		{50CD1498-5C87-4CB3-B1B6-DE99193729F2}.Release|Any CPU.Build.0 = Release|Any CPU
	EndGlobalSection
	GlobalSection(SolutionProperties) = preSolution
		HideSolutionNode = FALSE
	EndGlobalSection
	GlobalSection(ExtensibilityGlobals) = postSolution
		SolutionGuid = {89AB0C80-600F-44AF-89FA-1F2C4FF5CDA4}
	EndGlobalSection
EndGlobal
