
Microsoft Visual Studio Solution File, Format Version 12.00
# Visual Studio Version 17
VisualStudioVersion = 17.7.34009.444
MinimumVisualStudioVersion = 10.0.40219.1
Project("{FAE04EC0-301F-11D3-BF4B-00C04F79EFBC}") = "IntroASP", "IntroASP\IntroASP.csproj", "{96FBA423-CE07-45BD-9C34-69BF14E9AAAA}"
EndProject
Global
	GlobalSection(SolutionConfigurationPlatforms) = preSolution
		Debug|Any CPU = Debug|Any CPU
		Release|Any CPU = Release|Any CPU
	EndGlobalSection
	GlobalSection(ProjectConfigurationPlatforms) = postSolution
		{96FBA423-CE07-45BD-9C34-69BF14E9AAAA}.Debug|Any CPU.ActiveCfg = Debug|Any CPU
		{96FBA423-CE07-45BD-9C34-69BF14E9AAAA}.Debug|Any CPU.Build.0 = Debug|Any CPU
		{96FBA423-CE07-45BD-9C34-69BF14E9AAAA}.Release|Any CPU.ActiveCfg = Release|Any CPU
		{96FBA423-CE07-45BD-9C34-69BF14E9AAAA}.Release|Any CPU.Build.0 = Release|Any CPU
	EndGlobalSection
	GlobalSection(SolutionProperties) = preSolution
		HideSolutionNode = FALSE
	EndGlobalSection
	GlobalSection(ExtensibilityGlobals) = postSolution
		SolutionGuid = {390DED76-A34C-43C8-8FE3-42F5D2918BF2}
	EndGlobalSection
EndGlobal
