
Microsoft Visual Studio Solution File, Format Version 12.00
# Visual Studio Version 17
VisualStudioVersion = 17.7.34009.444
MinimumVisualStudioVersion = 10.0.40219.1
Project("{FAE04EC0-301F-11D3-BF4B-00C04F79EFBC}") = "practica1", "practica1\practica1.csproj", "{07ECE2B4-EFEF-4A09-87B4-8EDD42DF08EC}"
EndProject
Global
	GlobalSection(SolutionConfigurationPlatforms) = preSolution
		Debug|Any CPU = Debug|Any CPU
		Release|Any CPU = Release|Any CPU
	EndGlobalSection
	GlobalSection(ProjectConfigurationPlatforms) = postSolution
		{07ECE2B4-EFEF-4A09-87B4-8EDD42DF08EC}.Debug|Any CPU.ActiveCfg = Debug|Any CPU
		{07ECE2B4-EFEF-4A09-87B4-8EDD42DF08EC}.Debug|Any CPU.Build.0 = Debug|Any CPU
		{07ECE2B4-EFEF-4A09-87B4-8EDD42DF08EC}.Release|Any CPU.ActiveCfg = Release|Any CPU
		{07ECE2B4-EFEF-4A09-87B4-8EDD42DF08EC}.Release|Any CPU.Build.0 = Release|Any CPU
	EndGlobalSection
	GlobalSection(SolutionProperties) = preSolution
		HideSolutionNode = FALSE
	EndGlobalSection
	GlobalSection(ExtensibilityGlobals) = postSolution
		SolutionGuid = {5ECA3DCA-5E2D-4263-9956-24BDF8864D4A}
	EndGlobalSection
EndGlobal
