
Microsoft Visual Studio Solution File, Format Version 12.00
# Visual Studio Version 17
VisualStudioVersion = 17.4.33213.308
MinimumVisualStudioVersion = 10.0.40219.1
Project("{FAE04EC0-301F-11D3-BF4B-00C04F79EFBC}") = "ConsolaWeb", "EjemploWeb\ConsolaWeb.csproj", "{D24E30E9-6DE9-4E75-9CC9-2A45DF63E321}"
EndProject
Global
	GlobalSection(SolutionConfigurationPlatforms) = preSolution
		Debug|Any CPU = Debug|Any CPU
		Release|Any CPU = Release|Any CPU
	EndGlobalSection
	GlobalSection(ProjectConfigurationPlatforms) = postSolution
		{D24E30E9-6DE9-4E75-9CC9-2A45DF63E321}.Debug|Any CPU.ActiveCfg = Debug|Any CPU
		{D24E30E9-6DE9-4E75-9CC9-2A45DF63E321}.Debug|Any CPU.Build.0 = Debug|Any CPU
		{D24E30E9-6DE9-4E75-9CC9-2A45DF63E321}.Release|Any CPU.ActiveCfg = Release|Any CPU
		{D24E30E9-6DE9-4E75-9CC9-2A45DF63E321}.Release|Any CPU.Build.0 = Release|Any CPU
	EndGlobalSection
	GlobalSection(SolutionProperties) = preSolution
		HideSolutionNode = FALSE
	EndGlobalSection
	GlobalSection(ExtensibilityGlobals) = postSolution
		SolutionGuid = {BCFA1CA7-A199-46F0-8863-5E0881051DB6}
	EndGlobalSection
EndGlobal
