
Microsoft Visual Studio Solution File, Format Version 12.00
# Visual Studio Version 17
VisualStudioVersion = 17.7.34009.444
MinimumVisualStudioVersion = 10.0.40219.1
Project("{FAE04EC0-301F-11D3-BF4B-00C04F79EFBC}") = "Ejercicio3", "Ejercicio3\Ejercicio3.csproj", "{D2C8E1F6-32FA-4BAB-B2C8-4566C96289DA}"
EndProject
Global
	GlobalSection(SolutionConfigurationPlatforms) = preSolution
		Debug|Any CPU = Debug|Any CPU
		Release|Any CPU = Release|Any CPU
	EndGlobalSection
	GlobalSection(ProjectConfigurationPlatforms) = postSolution
		{D2C8E1F6-32FA-4BAB-B2C8-4566C96289DA}.Debug|Any CPU.ActiveCfg = Debug|Any CPU
		{D2C8E1F6-32FA-4BAB-B2C8-4566C96289DA}.Debug|Any CPU.Build.0 = Debug|Any CPU
		{D2C8E1F6-32FA-4BAB-B2C8-4566C96289DA}.Release|Any CPU.ActiveCfg = Release|Any CPU
		{D2C8E1F6-32FA-4BAB-B2C8-4566C96289DA}.Release|Any CPU.Build.0 = Release|Any CPU
	EndGlobalSection
	GlobalSection(SolutionProperties) = preSolution
		HideSolutionNode = FALSE
	EndGlobalSection
	GlobalSection(ExtensibilityGlobals) = postSolution
		SolutionGuid = {0299B465-C267-45BF-A295-9BF9CAE6C32D}
	EndGlobalSection
EndGlobal
