
Microsoft Visual Studio Solution File, Format Version 12.00
# Visual Studio Version 17
VisualStudioVersion = 17.7.34009.444
MinimumVisualStudioVersion = 10.0.40219.1
Project("{9A19103F-16F7-4668-BE54-9A1E7A4F7556}") = "Ejercicio_1_", "Ejercicio_1_\Ejercicio_1_.csproj", "{B491E28D-4C44-4893-80DF-A2EC0B1A95AE}"
EndProject
Project("{9A19103F-16F7-4668-BE54-9A1E7A4F7556}") = "Ejercicio_2_", "Ejercicio_2_\Ejercicio_2_.csproj", "{B7E9910F-C9C6-422A-86C3-9D0CBA5B2E3F}"
EndProject
Project("{9A19103F-16F7-4668-BE54-9A1E7A4F7556}") = "Ejercicio_3_", "Ejercicio_3_\Ejercicio_3_.csproj", "{E67C88C9-D490-4831-AADB-E89C8912F460}"
EndProject
Project("{9A19103F-16F7-4668-BE54-9A1E7A4F7556}") = "Ejercicio_4_", "Ejercicio_4_\Ejercicio_4_.csproj", "{A617C3EC-B75E-4AB5-859E-417F82F50707}"
EndProject
Project("{9A19103F-16F7-4668-BE54-9A1E7A4F7556}") = "Ejercicio_5_", "Ejercicio_5_\Ejercicio_5_.csproj", "{C805A4F6-8EDA-448A-9DDD-AAF4944468A7}"
EndProject
Project("{9A19103F-16F7-4668-BE54-9A1E7A4F7556}") = "Ejercicio_6_", "Ejercicio_6_\Ejercicio_6_.csproj", "{00E5EF68-7878-41FD-BB61-33FF019897D3}"
EndProject
Project("{9A19103F-16F7-4668-BE54-9A1E7A4F7556}") = "Ejercicio_7_", "Ejercicio_7_\Ejercicio_7_.csproj", "{25F65D61-2F92-46C0-A2E9-7F334D210797}"
EndProject
Project("{9A19103F-16F7-4668-BE54-9A1E7A4F7556}") = "Ejercicio_8_", "Ejercicio_8_\Ejercicio_8_.csproj", "{14B12332-6745-4657-B4CF-5122CCAD6A40}"
EndProject
Project("{9A19103F-16F7-4668-BE54-9A1E7A4F7556}") = "Ejercicio_9_", "Ejercicio_9_\Ejercicio_9_.csproj", "{79B93706-2767-4C5C-A03E-60080B135B51}"
EndProject
Project("{9A19103F-16F7-4668-BE54-9A1E7A4F7556}") = "Ejercicio_10_", "Ejercicio_10_\Ejercicio_10_.csproj", "{2B19C7F0-2033-4BA2-8F24-C864A1A70754}"
EndProject
Project("{9A19103F-16F7-4668-BE54-9A1E7A4F7556}") = "Ejercicio_11_", "Ejercicio_11_\Ejercicio_11_.csproj", "{EDD60D6D-8884-4994-9D23-01F1B0BCDBDB}"
EndProject
Project("{9A19103F-16F7-4668-BE54-9A1E7A4F7556}") = "Ejercicio_12_", "Ejercicio_12_\Ejercicio_12_.csproj", "{13D37E84-44FE-4101-8BC2-0AB62CA667CD}"
EndProject
Project("{9A19103F-16F7-4668-BE54-9A1E7A4F7556}") = "Ejercicio_13_", "Ejercicio_13_\Ejercicio_13_.csproj", "{56A1286D-C956-42C5-AC61-537E19E18435}"
EndProject
Project("{9A19103F-16F7-4668-BE54-9A1E7A4F7556}") = "Ejercicio_14_", "Ejercicio_14_\Ejercicio_14_.csproj", "{8813085B-5317-4F6B-B457-E68D64388A93}"
EndProject
Project("{9A19103F-16F7-4668-BE54-9A1E7A4F7556}") = "Ejercicio_15_", "Ejercicio_15_\Ejercicio_15_.csproj", "{8A67B120-4BB3-4FE9-A084-2766D2165D3E}"
EndProject
Project("{9A19103F-16F7-4668-BE54-9A1E7A4F7556}") = "Ejercicio_16_", "Ejercicio_16_\Ejercicio_16_.csproj", "{96E40AA2-6B0F-4C57-B20C-92EC9174EB3D}"
EndProject
Project("{FAE04EC0-301F-11D3-BF4B-00C04F79EFBC}") = "Ejercicio_17_", "Ejercicio_17_\Ejercicio_17_.csproj", "{9B2BF79D-4398-4705-BCE9-71F39D661327}"
EndProject
Project("{FAE04EC0-301F-11D3-BF4B-00C04F79EFBC}") = "Ejercicio_18", "Ejercicio_18\Ejercicio_18.csproj", "{36CE3476-5358-431C-953F-723F61ECB4C0}"
EndProject
Project("{FAE04EC0-301F-11D3-BF4B-00C04F79EFBC}") = "Ejercicio_19", "Ejercicio_19\Ejercicio_19.csproj", "{C8FF14A0-BDEE-4626-8480-11FA526C6974}"
EndProject
Project("{FAE04EC0-301F-11D3-BF4B-00C04F79EFBC}") = "Ejercicio_20_", "Ejercicio_20_\Ejercicio_20_.csproj", "{FB674172-BDD5-4B6C-A9C5-475AE4485897}"
EndProject
Project("{FAE04EC0-301F-11D3-BF4B-00C04F79EFBC}") = "Ejercicio_21_", "Ejercicio_21_\Ejercicio_21_.csproj", "{76766344-2779-45B9-9773-09E39E23E9BD}"
EndProject
Project("{FAE04EC0-301F-11D3-BF4B-00C04F79EFBC}") = "Ejercicio_22_", "Ejercicio_22_\Ejercicio_22_.csproj", "{08D902A3-92FC-453D-A20A-ED9E232C2D49}"
EndProject
Project("{FAE04EC0-301F-11D3-BF4B-00C04F79EFBC}") = "Ejercicio_23_", "Ejercicio_23_\Ejercicio_23_.csproj", "{259B6458-BDD4-4AFF-AB75-2DA06892D68A}"
EndProject
Project("{FAE04EC0-301F-11D3-BF4B-00C04F79EFBC}") = "Ejercicio_24_", "Ejercicio_24_\Ejercicio_24_.csproj", "{51184200-0381-454A-B033-D03BC9F5974E}"
EndProject
Project("{FAE04EC0-301F-11D3-BF4B-00C04F79EFBC}") = "Ejercicio_25_", "Ejercicio_25_\Ejercicio_25_.csproj", "{49EA1A10-80F2-4644-9AF7-AC4A8F5A2ADD}"
EndProject
Project("{FAE04EC0-301F-11D3-BF4B-00C04F79EFBC}") = "Ejercicio_26_", "Ejercicio_26_\Ejercicio_26_.csproj", "{07DCFE96-A8F9-436E-80DD-0E4462BF5D67}"
EndProject
Project("{FAE04EC0-301F-11D3-BF4B-00C04F79EFBC}") = "Ejercicio_27_", "Ejercicio_27_\Ejercicio_27_.csproj", "{484941C6-DF74-4022-BCBF-DE56896C7B6B}"
EndProject
Project("{FAE04EC0-301F-11D3-BF4B-00C04F79EFBC}") = "Ejercicio_28_", "Ejercicio_28_\Ejercicio_28_.csproj", "{BC2D94FB-5063-4958-8A1B-C842CF7A6B8D}"
EndProject
Project("{FAE04EC0-301F-11D3-BF4B-00C04F79EFBC}") = "Ejercicio_29_", "Ejercicio_29_\Ejercicio_29_.csproj", "{6D30DE9D-8C65-4E10-BB9D-4CC64B37DCB8}"
EndProject
Project("{FAE04EC0-301F-11D3-BF4B-00C04F79EFBC}") = "Ejercicio_30_", "Ejercicio_30_\Ejercicio_30_.csproj", "{9F8BB7ED-CD96-433C-B051-A13B038138D8}"
EndProject
Project("{FAE04EC0-301F-11D3-BF4B-00C04F79EFBC}") = "Ejercicio_31_", "Ejercicio_31_\Ejercicio_31_.csproj", "{78FAA642-CB7D-4046-92B4-38BB30688586}"
EndProject
Project("{FAE04EC0-301F-11D3-BF4B-00C04F79EFBC}") = "Ejercicio_32_", "Ejercicio_32_\Ejercicio_32_.csproj", "{F750BC7B-4899-47BC-BAB1-5AFFD01F4026}"
EndProject
Project("{FAE04EC0-301F-11D3-BF4B-00C04F79EFBC}") = "Ejercicio_33_", "Ejercicio_33_\Ejercicio_33_.csproj", "{9618AFB2-C0AB-4255-A287-5975360DBD36}"
EndProject
Project("{FAE04EC0-301F-11D3-BF4B-00C04F79EFBC}") = "Ejercicio_34_", "Ejercicio_34_\Ejercicio_34_.csproj", "{55A96A01-8C48-4B92-856D-E895217D9B3A}"
EndProject
Project("{FAE04EC0-301F-11D3-BF4B-00C04F79EFBC}") = "Ejercicio_35_", "Ejercicio_35_\Ejercicio_35_.csproj", "{FC8B7A89-937E-43B3-8987-D0F9194C92D3}"
EndProject
Project("{FAE04EC0-301F-11D3-BF4B-00C04F79EFBC}") = "Ejercicio_36_", "Ejercicio_36_\Ejercicio_36_.csproj", "{880650AD-6A59-404E-8933-7D90CBF43003}"
EndProject
Project("{FAE04EC0-301F-11D3-BF4B-00C04F79EFBC}") = "Ejercicio_37_", "Ejercicio_37_\Ejercicio_37_.csproj", "{139CBB06-77C8-4B73-AF4D-2B61A0F80015}"
EndProject
Project("{FAE04EC0-301F-11D3-BF4B-00C04F79EFBC}") = "Ejercicio_38_", "Ejercicio_38_\Ejercicio_38_.csproj", "{684A98DF-0B8C-4B78-BA6E-4277E5BBD928}"
EndProject
Project("{FAE04EC0-301F-11D3-BF4B-00C04F79EFBC}") = "Ejercicio_39_", "Ejercicio_39_\Ejercicio_39_.csproj", "{7BBFF714-8FF2-4ECA-B884-8FC99C2066B8}"
EndProject
Global
	GlobalSection(SolutionConfigurationPlatforms) = preSolution
		Debug|Any CPU = Debug|Any CPU
		Release|Any CPU = Release|Any CPU
	EndGlobalSection
	GlobalSection(ProjectConfigurationPlatforms) = postSolution
		{B491E28D-4C44-4893-80DF-A2EC0B1A95AE}.Debug|Any CPU.ActiveCfg = Debug|Any CPU
		{B491E28D-4C44-4893-80DF-A2EC0B1A95AE}.Debug|Any CPU.Build.0 = Debug|Any CPU
		{B491E28D-4C44-4893-80DF-A2EC0B1A95AE}.Release|Any CPU.ActiveCfg = Release|Any CPU
		{B491E28D-4C44-4893-80DF-A2EC0B1A95AE}.Release|Any CPU.Build.0 = Release|Any CPU
		{B7E9910F-C9C6-422A-86C3-9D0CBA5B2E3F}.Debug|Any CPU.ActiveCfg = Debug|Any CPU
		{B7E9910F-C9C6-422A-86C3-9D0CBA5B2E3F}.Debug|Any CPU.Build.0 = Debug|Any CPU
		{B7E9910F-C9C6-422A-86C3-9D0CBA5B2E3F}.Release|Any CPU.ActiveCfg = Release|Any CPU
		{B7E9910F-C9C6-422A-86C3-9D0CBA5B2E3F}.Release|Any CPU.Build.0 = Release|Any CPU
		{E67C88C9-D490-4831-AADB-E89C8912F460}.Debug|Any CPU.ActiveCfg = Debug|Any CPU
		{E67C88C9-D490-4831-AADB-E89C8912F460}.Debug|Any CPU.Build.0 = Debug|Any CPU
		{E67C88C9-D490-4831-AADB-E89C8912F460}.Release|Any CPU.ActiveCfg = Release|Any CPU
		{E67C88C9-D490-4831-AADB-E89C8912F460}.Release|Any CPU.Build.0 = Release|Any CPU
		{A617C3EC-B75E-4AB5-859E-417F82F50707}.Debug|Any CPU.ActiveCfg = Debug|Any CPU
		{A617C3EC-B75E-4AB5-859E-417F82F50707}.Debug|Any CPU.Build.0 = Debug|Any CPU
		{A617C3EC-B75E-4AB5-859E-417F82F50707}.Release|Any CPU.ActiveCfg = Release|Any CPU
		{A617C3EC-B75E-4AB5-859E-417F82F50707}.Release|Any CPU.Build.0 = Release|Any CPU
		{C805A4F6-8EDA-448A-9DDD-AAF4944468A7}.Debug|Any CPU.ActiveCfg = Debug|Any CPU
		{C805A4F6-8EDA-448A-9DDD-AAF4944468A7}.Debug|Any CPU.Build.0 = Debug|Any CPU
		{C805A4F6-8EDA-448A-9DDD-AAF4944468A7}.Release|Any CPU.ActiveCfg = Release|Any CPU
		{C805A4F6-8EDA-448A-9DDD-AAF4944468A7}.Release|Any CPU.Build.0 = Release|Any CPU
		{00E5EF68-7878-41FD-BB61-33FF019897D3}.Debug|Any CPU.ActiveCfg = Debug|Any CPU
		{00E5EF68-7878-41FD-BB61-33FF019897D3}.Debug|Any CPU.Build.0 = Debug|Any CPU
		{00E5EF68-7878-41FD-BB61-33FF019897D3}.Release|Any CPU.ActiveCfg = Release|Any CPU
		{00E5EF68-7878-41FD-BB61-33FF019897D3}.Release|Any CPU.Build.0 = Release|Any CPU
		{25F65D61-2F92-46C0-A2E9-7F334D210797}.Debug|Any CPU.ActiveCfg = Debug|Any CPU
		{25F65D61-2F92-46C0-A2E9-7F334D210797}.Debug|Any CPU.Build.0 = Debug|Any CPU
		{25F65D61-2F92-46C0-A2E9-7F334D210797}.Release|Any CPU.ActiveCfg = Release|Any CPU
		{25F65D61-2F92-46C0-A2E9-7F334D210797}.Release|Any CPU.Build.0 = Release|Any CPU
		{14B12332-6745-4657-B4CF-5122CCAD6A40}.Debug|Any CPU.ActiveCfg = Debug|Any CPU
		{14B12332-6745-4657-B4CF-5122CCAD6A40}.Debug|Any CPU.Build.0 = Debug|Any CPU
		{14B12332-6745-4657-B4CF-5122CCAD6A40}.Release|Any CPU.ActiveCfg = Release|Any CPU
		{14B12332-6745-4657-B4CF-5122CCAD6A40}.Release|Any CPU.Build.0 = Release|Any CPU
		{79B93706-2767-4C5C-A03E-60080B135B51}.Debug|Any CPU.ActiveCfg = Debug|Any CPU
		{79B93706-2767-4C5C-A03E-60080B135B51}.Debug|Any CPU.Build.0 = Debug|Any CPU
		{79B93706-2767-4C5C-A03E-60080B135B51}.Release|Any CPU.ActiveCfg = Release|Any CPU
		{79B93706-2767-4C5C-A03E-60080B135B51}.Release|Any CPU.Build.0 = Release|Any CPU
		{2B19C7F0-2033-4BA2-8F24-C864A1A70754}.Debug|Any CPU.ActiveCfg = Debug|Any CPU
		{2B19C7F0-2033-4BA2-8F24-C864A1A70754}.Debug|Any CPU.Build.0 = Debug|Any CPU
		{2B19C7F0-2033-4BA2-8F24-C864A1A70754}.Release|Any CPU.ActiveCfg = Release|Any CPU
		{2B19C7F0-2033-4BA2-8F24-C864A1A70754}.Release|Any CPU.Build.0 = Release|Any CPU
		{EDD60D6D-8884-4994-9D23-01F1B0BCDBDB}.Debug|Any CPU.ActiveCfg = Debug|Any CPU
		{EDD60D6D-8884-4994-9D23-01F1B0BCDBDB}.Debug|Any CPU.Build.0 = Debug|Any CPU
		{EDD60D6D-8884-4994-9D23-01F1B0BCDBDB}.Release|Any CPU.ActiveCfg = Release|Any CPU
		{EDD60D6D-8884-4994-9D23-01F1B0BCDBDB}.Release|Any CPU.Build.0 = Release|Any CPU
		{13D37E84-44FE-4101-8BC2-0AB62CA667CD}.Debug|Any CPU.ActiveCfg = Debug|Any CPU
		{13D37E84-44FE-4101-8BC2-0AB62CA667CD}.Debug|Any CPU.Build.0 = Debug|Any CPU
		{13D37E84-44FE-4101-8BC2-0AB62CA667CD}.Release|Any CPU.ActiveCfg = Release|Any CPU
		{13D37E84-44FE-4101-8BC2-0AB62CA667CD}.Release|Any CPU.Build.0 = Release|Any CPU
		{56A1286D-C956-42C5-AC61-537E19E18435}.Debug|Any CPU.ActiveCfg = Debug|Any CPU
		{56A1286D-C956-42C5-AC61-537E19E18435}.Debug|Any CPU.Build.0 = Debug|Any CPU
		{56A1286D-C956-42C5-AC61-537E19E18435}.Release|Any CPU.ActiveCfg = Release|Any CPU
		{56A1286D-C956-42C5-AC61-537E19E18435}.Release|Any CPU.Build.0 = Release|Any CPU
		{8813085B-5317-4F6B-B457-E68D64388A93}.Debug|Any CPU.ActiveCfg = Debug|Any CPU
		{8813085B-5317-4F6B-B457-E68D64388A93}.Debug|Any CPU.Build.0 = Debug|Any CPU
		{8813085B-5317-4F6B-B457-E68D64388A93}.Release|Any CPU.ActiveCfg = Release|Any CPU
		{8813085B-5317-4F6B-B457-E68D64388A93}.Release|Any CPU.Build.0 = Release|Any CPU
		{8A67B120-4BB3-4FE9-A084-2766D2165D3E}.Debug|Any CPU.ActiveCfg = Debug|Any CPU
		{8A67B120-4BB3-4FE9-A084-2766D2165D3E}.Debug|Any CPU.Build.0 = Debug|Any CPU
		{8A67B120-4BB3-4FE9-A084-2766D2165D3E}.Release|Any CPU.ActiveCfg = Release|Any CPU
		{8A67B120-4BB3-4FE9-A084-2766D2165D3E}.Release|Any CPU.Build.0 = Release|Any CPU
		{96E40AA2-6B0F-4C57-B20C-92EC9174EB3D}.Debug|Any CPU.ActiveCfg = Debug|Any CPU
		{96E40AA2-6B0F-4C57-B20C-92EC9174EB3D}.Debug|Any CPU.Build.0 = Debug|Any CPU
		{96E40AA2-6B0F-4C57-B20C-92EC9174EB3D}.Release|Any CPU.ActiveCfg = Release|Any CPU
		{96E40AA2-6B0F-4C57-B20C-92EC9174EB3D}.Release|Any CPU.Build.0 = Release|Any CPU
		{9B2BF79D-4398-4705-BCE9-71F39D661327}.Debug|Any CPU.ActiveCfg = Debug|Any CPU
		{9B2BF79D-4398-4705-BCE9-71F39D661327}.Debug|Any CPU.Build.0 = Debug|Any CPU
		{9B2BF79D-4398-4705-BCE9-71F39D661327}.Release|Any CPU.ActiveCfg = Release|Any CPU
		{9B2BF79D-4398-4705-BCE9-71F39D661327}.Release|Any CPU.Build.0 = Release|Any CPU
		{36CE3476-5358-431C-953F-723F61ECB4C0}.Debug|Any CPU.ActiveCfg = Debug|Any CPU
		{36CE3476-5358-431C-953F-723F61ECB4C0}.Debug|Any CPU.Build.0 = Debug|Any CPU
		{36CE3476-5358-431C-953F-723F61ECB4C0}.Release|Any CPU.ActiveCfg = Release|Any CPU
		{36CE3476-5358-431C-953F-723F61ECB4C0}.Release|Any CPU.Build.0 = Release|Any CPU
		{C8FF14A0-BDEE-4626-8480-11FA526C6974}.Debug|Any CPU.ActiveCfg = Debug|Any CPU
		{C8FF14A0-BDEE-4626-8480-11FA526C6974}.Debug|Any CPU.Build.0 = Debug|Any CPU
		{C8FF14A0-BDEE-4626-8480-11FA526C6974}.Release|Any CPU.ActiveCfg = Release|Any CPU
		{C8FF14A0-BDEE-4626-8480-11FA526C6974}.Release|Any CPU.Build.0 = Release|Any CPU
		{FB674172-BDD5-4B6C-A9C5-475AE4485897}.Debug|Any CPU.ActiveCfg = Debug|Any CPU
		{FB674172-BDD5-4B6C-A9C5-475AE4485897}.Debug|Any CPU.Build.0 = Debug|Any CPU
		{FB674172-BDD5-4B6C-A9C5-475AE4485897}.Release|Any CPU.ActiveCfg = Release|Any CPU
		{FB674172-BDD5-4B6C-A9C5-475AE4485897}.Release|Any CPU.Build.0 = Release|Any CPU
		{76766344-2779-45B9-9773-09E39E23E9BD}.Debug|Any CPU.ActiveCfg = Debug|Any CPU
		{76766344-2779-45B9-9773-09E39E23E9BD}.Debug|Any CPU.Build.0 = Debug|Any CPU
		{76766344-2779-45B9-9773-09E39E23E9BD}.Release|Any CPU.ActiveCfg = Release|Any CPU
		{76766344-2779-45B9-9773-09E39E23E9BD}.Release|Any CPU.Build.0 = Release|Any CPU
		{08D902A3-92FC-453D-A20A-ED9E232C2D49}.Debug|Any CPU.ActiveCfg = Debug|Any CPU
		{08D902A3-92FC-453D-A20A-ED9E232C2D49}.Debug|Any CPU.Build.0 = Debug|Any CPU
		{08D902A3-92FC-453D-A20A-ED9E232C2D49}.Release|Any CPU.ActiveCfg = Release|Any CPU
		{08D902A3-92FC-453D-A20A-ED9E232C2D49}.Release|Any CPU.Build.0 = Release|Any CPU
		{259B6458-BDD4-4AFF-AB75-2DA06892D68A}.Debug|Any CPU.ActiveCfg = Debug|Any CPU
		{259B6458-BDD4-4AFF-AB75-2DA06892D68A}.Debug|Any CPU.Build.0 = Debug|Any CPU
		{259B6458-BDD4-4AFF-AB75-2DA06892D68A}.Release|Any CPU.ActiveCfg = Release|Any CPU
		{259B6458-BDD4-4AFF-AB75-2DA06892D68A}.Release|Any CPU.Build.0 = Release|Any CPU
		{51184200-0381-454A-B033-D03BC9F5974E}.Debug|Any CPU.ActiveCfg = Debug|Any CPU
		{51184200-0381-454A-B033-D03BC9F5974E}.Debug|Any CPU.Build.0 = Debug|Any CPU
		{51184200-0381-454A-B033-D03BC9F5974E}.Release|Any CPU.ActiveCfg = Release|Any CPU
		{51184200-0381-454A-B033-D03BC9F5974E}.Release|Any CPU.Build.0 = Release|Any CPU
		{49EA1A10-80F2-4644-9AF7-AC4A8F5A2ADD}.Debug|Any CPU.ActiveCfg = Debug|Any CPU
		{49EA1A10-80F2-4644-9AF7-AC4A8F5A2ADD}.Debug|Any CPU.Build.0 = Debug|Any CPU
		{49EA1A10-80F2-4644-9AF7-AC4A8F5A2ADD}.Release|Any CPU.ActiveCfg = Release|Any CPU
		{49EA1A10-80F2-4644-9AF7-AC4A8F5A2ADD}.Release|Any CPU.Build.0 = Release|Any CPU
		{07DCFE96-A8F9-436E-80DD-0E4462BF5D67}.Debug|Any CPU.ActiveCfg = Debug|Any CPU
		{07DCFE96-A8F9-436E-80DD-0E4462BF5D67}.Debug|Any CPU.Build.0 = Debug|Any CPU
		{07DCFE96-A8F9-436E-80DD-0E4462BF5D67}.Release|Any CPU.ActiveCfg = Release|Any CPU
		{07DCFE96-A8F9-436E-80DD-0E4462BF5D67}.Release|Any CPU.Build.0 = Release|Any CPU
		{484941C6-DF74-4022-BCBF-DE56896C7B6B}.Debug|Any CPU.ActiveCfg = Debug|Any CPU
		{484941C6-DF74-4022-BCBF-DE56896C7B6B}.Debug|Any CPU.Build.0 = Debug|Any CPU
		{484941C6-DF74-4022-BCBF-DE56896C7B6B}.Release|Any CPU.ActiveCfg = Release|Any CPU
		{484941C6-DF74-4022-BCBF-DE56896C7B6B}.Release|Any CPU.Build.0 = Release|Any CPU
		{BC2D94FB-5063-4958-8A1B-C842CF7A6B8D}.Debug|Any CPU.ActiveCfg = Debug|Any CPU
		{BC2D94FB-5063-4958-8A1B-C842CF7A6B8D}.Debug|Any CPU.Build.0 = Debug|Any CPU
		{BC2D94FB-5063-4958-8A1B-C842CF7A6B8D}.Release|Any CPU.ActiveCfg = Release|Any CPU
		{BC2D94FB-5063-4958-8A1B-C842CF7A6B8D}.Release|Any CPU.Build.0 = Release|Any CPU
		{6D30DE9D-8C65-4E10-BB9D-4CC64B37DCB8}.Debug|Any CPU.ActiveCfg = Debug|Any CPU
		{6D30DE9D-8C65-4E10-BB9D-4CC64B37DCB8}.Debug|Any CPU.Build.0 = Debug|Any CPU
		{6D30DE9D-8C65-4E10-BB9D-4CC64B37DCB8}.Release|Any CPU.ActiveCfg = Release|Any CPU
		{6D30DE9D-8C65-4E10-BB9D-4CC64B37DCB8}.Release|Any CPU.Build.0 = Release|Any CPU
		{9F8BB7ED-CD96-433C-B051-A13B038138D8}.Debug|Any CPU.ActiveCfg = Debug|Any CPU
		{9F8BB7ED-CD96-433C-B051-A13B038138D8}.Debug|Any CPU.Build.0 = Debug|Any CPU
		{9F8BB7ED-CD96-433C-B051-A13B038138D8}.Release|Any CPU.ActiveCfg = Release|Any CPU
		{9F8BB7ED-CD96-433C-B051-A13B038138D8}.Release|Any CPU.Build.0 = Release|Any CPU
		{78FAA642-CB7D-4046-92B4-38BB30688586}.Debug|Any CPU.ActiveCfg = Debug|Any CPU
		{78FAA642-CB7D-4046-92B4-38BB30688586}.Debug|Any CPU.Build.0 = Debug|Any CPU
		{78FAA642-CB7D-4046-92B4-38BB30688586}.Release|Any CPU.ActiveCfg = Release|Any CPU
		{78FAA642-CB7D-4046-92B4-38BB30688586}.Release|Any CPU.Build.0 = Release|Any CPU
		{F750BC7B-4899-47BC-BAB1-5AFFD01F4026}.Debug|Any CPU.ActiveCfg = Debug|Any CPU
		{F750BC7B-4899-47BC-BAB1-5AFFD01F4026}.Debug|Any CPU.Build.0 = Debug|Any CPU
		{F750BC7B-4899-47BC-BAB1-5AFFD01F4026}.Release|Any CPU.ActiveCfg = Release|Any CPU
		{F750BC7B-4899-47BC-BAB1-5AFFD01F4026}.Release|Any CPU.Build.0 = Release|Any CPU
		{9618AFB2-C0AB-4255-A287-5975360DBD36}.Debug|Any CPU.ActiveCfg = Debug|Any CPU
		{9618AFB2-C0AB-4255-A287-5975360DBD36}.Debug|Any CPU.Build.0 = Debug|Any CPU
		{9618AFB2-C0AB-4255-A287-5975360DBD36}.Release|Any CPU.ActiveCfg = Release|Any CPU
		{9618AFB2-C0AB-4255-A287-5975360DBD36}.Release|Any CPU.Build.0 = Release|Any CPU
		{55A96A01-8C48-4B92-856D-E895217D9B3A}.Debug|Any CPU.ActiveCfg = Debug|Any CPU
		{55A96A01-8C48-4B92-856D-E895217D9B3A}.Debug|Any CPU.Build.0 = Debug|Any CPU
		{55A96A01-8C48-4B92-856D-E895217D9B3A}.Release|Any CPU.ActiveCfg = Release|Any CPU
		{55A96A01-8C48-4B92-856D-E895217D9B3A}.Release|Any CPU.Build.0 = Release|Any CPU
		{FC8B7A89-937E-43B3-8987-D0F9194C92D3}.Debug|Any CPU.ActiveCfg = Debug|Any CPU
		{FC8B7A89-937E-43B3-8987-D0F9194C92D3}.Debug|Any CPU.Build.0 = Debug|Any CPU
		{FC8B7A89-937E-43B3-8987-D0F9194C92D3}.Release|Any CPU.ActiveCfg = Release|Any CPU
		{FC8B7A89-937E-43B3-8987-D0F9194C92D3}.Release|Any CPU.Build.0 = Release|Any CPU
		{880650AD-6A59-404E-8933-7D90CBF43003}.Debug|Any CPU.ActiveCfg = Debug|Any CPU
		{880650AD-6A59-404E-8933-7D90CBF43003}.Debug|Any CPU.Build.0 = Debug|Any CPU
		{880650AD-6A59-404E-8933-7D90CBF43003}.Release|Any CPU.ActiveCfg = Release|Any CPU
		{880650AD-6A59-404E-8933-7D90CBF43003}.Release|Any CPU.Build.0 = Release|Any CPU
		{139CBB06-77C8-4B73-AF4D-2B61A0F80015}.Debug|Any CPU.ActiveCfg = Debug|Any CPU
		{139CBB06-77C8-4B73-AF4D-2B61A0F80015}.Debug|Any CPU.Build.0 = Debug|Any CPU
		{139CBB06-77C8-4B73-AF4D-2B61A0F80015}.Release|Any CPU.ActiveCfg = Release|Any CPU
		{139CBB06-77C8-4B73-AF4D-2B61A0F80015}.Release|Any CPU.Build.0 = Release|Any CPU
		{684A98DF-0B8C-4B78-BA6E-4277E5BBD928}.Debug|Any CPU.ActiveCfg = Debug|Any CPU
		{684A98DF-0B8C-4B78-BA6E-4277E5BBD928}.Debug|Any CPU.Build.0 = Debug|Any CPU
		{684A98DF-0B8C-4B78-BA6E-4277E5BBD928}.Release|Any CPU.ActiveCfg = Release|Any CPU
		{684A98DF-0B8C-4B78-BA6E-4277E5BBD928}.Release|Any CPU.Build.0 = Release|Any CPU
		{7BBFF714-8FF2-4ECA-B884-8FC99C2066B8}.Debug|Any CPU.ActiveCfg = Debug|Any CPU
		{7BBFF714-8FF2-4ECA-B884-8FC99C2066B8}.Debug|Any CPU.Build.0 = Debug|Any CPU
		{7BBFF714-8FF2-4ECA-B884-8FC99C2066B8}.Release|Any CPU.ActiveCfg = Release|Any CPU
		{7BBFF714-8FF2-4ECA-B884-8FC99C2066B8}.Release|Any CPU.Build.0 = Release|Any CPU
	EndGlobalSection
	GlobalSection(SolutionProperties) = preSolution
		HideSolutionNode = FALSE
	EndGlobalSection
	GlobalSection(ExtensibilityGlobals) = postSolution
		SolutionGuid = {6D39C5B6-99CC-4B69-B2FF-D77291762544}
	EndGlobalSection
EndGlobal
