
Microsoft Visual Studio Solution File, Format Version 12.00
# Visual Studio Version 17
VisualStudioVersion = 17.7.34009.444
MinimumVisualStudioVersion = 10.0.40219.1
Project("{FAE04EC0-301F-11D3-BF4B-00C04F79EFBC}") = "Ejercicio2", "Ejercicio2\Ejercicio2.csproj", "{1F2ABF5A-E254-4754-9C6C-862332B1B64D}"
EndProject
Global
	GlobalSection(SolutionConfigurationPlatforms) = preSolution
		Debug|Any CPU = Debug|Any CPU
		Release|Any CPU = Release|Any CPU
	EndGlobalSection
	GlobalSection(ProjectConfigurationPlatforms) = postSolution
		{1F2ABF5A-E254-4754-9C6C-862332B1B64D}.Debug|Any CPU.ActiveCfg = Debug|Any CPU
		{1F2ABF5A-E254-4754-9C6C-862332B1B64D}.Debug|Any CPU.Build.0 = Debug|Any CPU
		{1F2ABF5A-E254-4754-9C6C-862332B1B64D}.Release|Any CPU.ActiveCfg = Release|Any CPU
		{1F2ABF5A-E254-4754-9C6C-862332B1B64D}.Release|Any CPU.Build.0 = Release|Any CPU
	EndGlobalSection
	GlobalSection(SolutionProperties) = preSolution
		HideSolutionNode = FALSE
	EndGlobalSection
	GlobalSection(ExtensibilityGlobals) = postSolution
		SolutionGuid = {3DB6E858-C031-4AB0-8910-9BB91F24531E}
	EndGlobalSection
EndGlobal
