
Microsoft Visual Studio Solution File, Format Version 12.00
# Visual Studio Version 17
VisualStudioVersion = 17.7.34009.444
MinimumVisualStudioVersion = 10.0.40219.1
Project("{9A19103F-16F7-4668-BE54-9A1E7A4F7556}") = "Ejercicio2", "Ejercicio2\Ejercicio2.csproj", "{1F2ABF5A-E254-4754-9C6C-862332B1B64D}"
EndProject
Project("{9A19103F-16F7-4668-BE54-9A1E7A4F7556}") = "Ejercicio1", "..\Ejercicio1\Ejercicio1.csproj", "{FF1F7044-DFA3-48EB-9B2D-6050D620C669}"
EndProject
Global
	GlobalSection(SolutionConfigurationPlatforms) = preSolution
		Debug|Any CPU = Debug|Any CPU
		Release|Any CPU = Release|Any CPU
	EndGlobalSection
	GlobalSection(ProjectConfigurationPlatforms) = postSolution
		{1F2ABF5A-E254-4754-9C6C-862332B1B64D}.Debug|Any CPU.ActiveCfg = Debug|Any CPU
		{1F2ABF5A-E254-4754-9C6C-862332B1B64D}.Debug|Any CPU.Build.0 = Debug|Any CPU
		{1F2ABF5A-E254-4754-9C6C-862332B1B64D}.Release|Any CPU.ActiveCfg = Release|Any CPU
		{1F2ABF5A-E254-4754-9C6C-862332B1B64D}.Release|Any CPU.Build.0 = Release|Any CPU
		{FF1F7044-DFA3-48EB-9B2D-6050D620C669}.Debug|Any CPU.ActiveCfg = Debug|Any CPU
		{FF1F7044-DFA3-48EB-9B2D-6050D620C669}.Debug|Any CPU.Build.0 = Debug|Any CPU
		{FF1F7044-DFA3-48EB-9B2D-6050D620C669}.Release|Any CPU.ActiveCfg = Release|Any CPU
		{FF1F7044-DFA3-48EB-9B2D-6050D620C669}.Release|Any CPU.Build.0 = Release|Any CPU
	EndGlobalSection
	GlobalSection(SolutionProperties) = preSolution
		HideSolutionNode = FALSE
	EndGlobalSection
	GlobalSection(ExtensibilityGlobals) = postSolution
		SolutionGuid = {3DB6E858-C031-4AB0-8910-9BB91F24531E}
	EndGlobalSection
EndGlobal
